
Microsoft Visual Studio Solution File, Format Version 12.00
# Visual Studio Version 17
VisualStudioVersion = 17.14.36401.2 d17.14
MinimumVisualStudioVersion = 10.0.40219.1
Project("{FAE04EC0-301F-11D3-BF4B-00C04F79EFBC}") = "ConsoleApp.CSharp", "ConsoleApp.CSharp.csproj", "{580550BE-2775-40EB-8C31-84DA77509A32}"
EndProject
Global
	GlobalSection(SolutionConfigurationPlatforms) = preSolution
		Debug|Any CPU = Debug|Any CPU
		Release|Any CPU = Release|Any CPU
	EndGlobalSection
	GlobalSection(ProjectConfigurationPlatforms) = postSolution
		{580550BE-2775-40EB-8C31-84DA77509A32}.Debug|Any CPU.ActiveCfg = Debug|Any CPU
		{580550BE-2775-40EB-8C31-84DA77509A32}.Debug|Any CPU.Build.0 = Debug|Any CPU
		{580550BE-2775-40EB-8C31-84DA77509A32}.Release|Any CPU.ActiveCfg = Release|Any CPU
		{580550BE-2775-40EB-8C31-84DA77509A32}.Release|Any CPU.Build.0 = Release|Any CPU
	EndGlobalSection
	GlobalSection(SolutionProperties) = preSolution
		HideSolutionNode = FALSE
	EndGlobalSection
	GlobalSection(ExtensibilityGlobals) = postSolution
		SolutionGuid = {4AB2BD8E-FF86-4063-BEC6-937B5BBE88BC}
	EndGlobalSection
EndGlobal
